
Microsoft Visual Studio Solution File, Format Version 12.00
# Visual Studio Version 17
VisualStudioVersion = 17.9.34607.119
MinimumVisualStudioVersion = 10.0.40219.1
Project("{FAE04EC0-301F-11D3-BF4B-00C04F79EFBC}") = "lab1ex2", "lab1ex2\lab1ex2.csproj", "{3BFA4D55-8E07-48C8-927D-198658551040}"
EndProject
Global
	GlobalSection(SolutionConfigurationPlatforms) = preSolution
		Debug|Any CPU = Debug|Any CPU
		Release|Any CPU = Release|Any CPU
	EndGlobalSection
	GlobalSection(ProjectConfigurationPlatforms) = postSolution
		{3BFA4D55-8E07-48C8-927D-198658551040}.Debug|Any CPU.ActiveCfg = Debug|Any CPU
		{3BFA4D55-8E07-48C8-927D-198658551040}.Debug|Any CPU.Build.0 = Debug|Any CPU
		{3BFA4D55-8E07-48C8-927D-198658551040}.Release|Any CPU.ActiveCfg = Release|Any CPU
		{3BFA4D55-8E07-48C8-927D-198658551040}.Release|Any CPU.Build.0 = Release|Any CPU
	EndGlobalSection
	GlobalSection(SolutionProperties) = preSolution
		HideSolutionNode = FALSE
	EndGlobalSection
	GlobalSection(ExtensibilityGlobals) = postSolution
		SolutionGuid = {9A121E19-18F7-45D0-83DB-087E97C39DCE}
	EndGlobalSection
EndGlobal
